
Microsoft Visual Studio Solution File, Format Version 12.00
# Visual Studio Version 16
VisualStudioVersion = 16.0.31112.23
MinimumVisualStudioVersion = 10.0.40219.1
Project("{FAE04EC0-301F-11D3-BF4B-00C04F79EFBC}") = "April2021", "April2021\April2021.csproj", "{DD22697A-8DCB-4933-A381-583AB5862849}"
EndProject
Global
	GlobalSection(SolutionConfigurationPlatforms) = preSolution
		Debug|Any CPU = Debug|Any CPU
		Release|Any CPU = Release|Any CPU
	EndGlobalSection
	GlobalSection(ProjectConfigurationPlatforms) = postSolution
		{DD22697A-8DCB-4933-A381-583AB5862849}.Debug|Any CPU.ActiveCfg = Debug|Any CPU
		{DD22697A-8DCB-4933-A381-583AB5862849}.Debug|Any CPU.Build.0 = Debug|Any CPU
		{DD22697A-8DCB-4933-A381-583AB5862849}.Release|Any CPU.ActiveCfg = Release|Any CPU
		{DD22697A-8DCB-4933-A381-583AB5862849}.Release|Any CPU.Build.0 = Release|Any CPU
	EndGlobalSection
	GlobalSection(SolutionProperties) = preSolution
		HideSolutionNode = FALSE
	EndGlobalSection
	GlobalSection(ExtensibilityGlobals) = postSolution
		SolutionGuid = {9F9E4E89-717E-4553-B9CE-D574CFCAB056}
	EndGlobalSection
EndGlobal
